<?xml version="1.0" encoding="utf-8"?>
<Project ToolsVersion="4.0" xmlns="http://schemas.microsoft.com/developer/msbuild/2003">
  <ItemGroup>
    <Filter Include="Common">
      <UniqueIdentifier>3a00571a-32ff-47e4-a5a8-5c93e170326f</UniqueIdentifier>
    </Filter>
    <Filter Include="Assets">
      <UniqueIdentifier>3428defd-443d-426b-8653-c8ba69505922</UniqueIdentifier>
      <Extensions>ico;cur;bmp;dds;dlg;fbx;rct;bin;rgs;gif;jpg;jpeg;jpe;resx;tga;tiff;tif;png;wav;mfcribbon-ms</Extensions>
    </Filter>
    <Filter Include="DirectXTK_Utilities">
      <UniqueIdentifier>{8bafb5e4-0b69-48cd-a399-0bdfb9a01723}</UniqueIdentifier>
    </Filter>
    <Filter Include="ImaseLib">
      <UniqueIdentifier>{0fce3f09-c38e-41aa-bbf3-573228e643d0}</UniqueIdentifier>
    </Filter>
    <Filter Include="HLSL">
      <UniqueIdentifier>{dc52ca36-dcaa-4144-a508-c15a683e932c}</UniqueIdentifier>
    </Filter>
    <Filter Include="ImaseLib\Shaders">
      <UniqueIdentifier>{963b91af-4dd3-4a4d-b696-2316e2f8a02d}</UniqueIdentifier>
    </Filter>
    <Filter Include="Objs">
      <UniqueIdentifier>{af08e42e-24cc-4540-9525-4d3bd5e09845}</UniqueIdentifier>
    </Filter>
  </ItemGroup>
  <ItemGroup>
    <ClInclude Include="pch.h" />
    <ClInclude Include="Game.h" />
    <ClInclude Include="StepTimer.h">
      <Filter>Common</Filter>
    </ClInclude>
    <ClInclude Include="DeviceResources.h">
      <Filter>Common</Filter>
    </ClInclude>
    <ClInclude Include="DirectXTK_Utilities\DebugDraw.h">
      <Filter>DirectXTK_Utilities</Filter>
    </ClInclude>
    <ClInclude Include="DirectXTK_Utilities\ReadData.h">
      <Filter>DirectXTK_Utilities</Filter>
    </ClInclude>
    <ClInclude Include="ImaseLib\DebugCamera.h">
      <Filter>ImaseLib</Filter>
    </ClInclude>
    <ClInclude Include="ImaseLib\GridFloor.h">
      <Filter>ImaseLib</Filter>
    </ClInclude>
    <ClInclude Include="ImaseLib\Effect.h">
      <Filter>ImaseLib</Filter>
    </ClInclude>
    <ClInclude Include="ImaseLib\Model.h">
      <Filter>ImaseLib</Filter>
    </ClInclude>
    <ClInclude Include="ImaseLib\Imdl.h">
      <Filter>ImaseLib</Filter>
    </ClInclude>
    <ClInclude Include="ImaseLib\ChunkIO.h">
      <Filter>ImaseLib</Filter>
    </ClInclude>
    <ClInclude Include="ImaseLib\BinaryReader.h">
      <Filter>ImaseLib</Filter>
    </ClInclude>
    <ClInclude Include="ImaseLib\Animator.h">
      <Filter>ImaseLib</Filter>
    </ClInclude>
    <ClInclude Include="ImaseLib\ImdlLoader.h">
      <Filter>ImaseLib</Filter>
    </ClInclude>
    <ClInclude Include="A_anim.h" />
    <ClInclude Include="ImaseLib\Shaders\BasicShader.h">
      <Filter>ImaseLib\Shaders</Filter>
    </ClInclude>
    <ClInclude Include="ImaseLib\Shaders\NormalMapShader.h">
      <Filter>ImaseLib\Shaders</Filter>
    </ClInclude>
    <ClInclude Include="ImaseLib\Shaders\PixelLightingShader.h">
      <Filter>ImaseLib\Shaders</Filter>
    </ClInclude>
    <ClInclude Include="ImaseLib\Shaders\ShaderBase.h">
      <Filter>ImaseLib\Shaders</Filter>
    </ClInclude>
  </ItemGroup>
  <ItemGroup>
    <ClCompile Include="pch.cpp" />
    <ClCompile Include="Game.cpp" />
    <ClCompile Include="Main.cpp" />
    <ClCompile Include="DeviceResources.cpp">
      <Filter>Common</Filter>
    </ClCompile>
    <ClCompile Include="DirectXTK_Utilities\DebugDraw.cpp">
      <Filter>DirectXTK_Utilities</Filter>
    </ClCompile>
    <ClCompile Include="ImaseLib\DebugCamera.cpp">
      <Filter>ImaseLib</Filter>
    </ClCompile>
    <ClCompile Include="ImaseLib\GridFloor.cpp">
      <Filter>ImaseLib</Filter>
    </ClCompile>
    <ClCompile Include="ImaseLib\Effect.cpp">
      <Filter>ImaseLib</Filter>
    </ClCompile>
    <ClCompile Include="ImaseLib\Model.cpp">
      <Filter>ImaseLib</Filter>
    </ClCompile>
    <ClCompile Include="ImaseLib\Animator.cpp">
      <Filter>ImaseLib</Filter>
    </ClCompile>
    <ClCompile Include="ImaseLib\ImdlLoader.cpp">
      <Filter>ImaseLib</Filter>
    </ClCompile>
  </ItemGroup>
  <ItemGroup>
    <ResourceCompile Include="resource.rc" />
  </ItemGroup>
  <ItemGroup>
    <Image Include="directx.ico">
      <Filter>Assets</Filter>
    </Image>
  </ItemGroup>
  <ItemGroup>
    <Manifest Include="settings.manifest">
      <Filter>Assets</Filter>
    </Manifest>
  </ItemGroup>
  <ItemGroup>
    <None Include="packages.config" />
    <None Include="HLSL\Basic.hlsli">
      <Filter>HLSL</Filter>
    </None>
    <None Include="HLSL\Common.hlsli">
      <Filter>HLSL</Filter>
    </None>
    <None Include="HLSL\Lighting.hlsli">
      <Filter>HLSL</Filter>
    </None>
    <None Include="HLSL\NormalMap.hlsli">
      <Filter>HLSL</Filter>
    </None>
    <None Include="HLSL\PixelLighting.hlsli">
      <Filter>HLSL</Filter>
    </None>
  </ItemGroup>
  <ItemGroup>
    <ImageContentTask Include="Textures\tree.png">
      <Filter>Assets</Filter>
    </ImageContentTask>
  </ItemGroup>
  <ItemGroup>
    <FxCompile Include="HLSL\BasicPS.hlsl">
      <Filter>HLSL</Filter>
    </FxCompile>
    <FxCompile Include="HLSL\BasicVS.hlsl">
      <Filter>HLSL</Filter>
    </FxCompile>
    <FxCompile Include="HLSL\NormalMapPS.hlsl">
      <Filter>HLSL</Filter>
    </FxCompile>
    <FxCompile Include="HLSL\NormalMapVS.hlsl">
      <Filter>HLSL</Filter>
    </FxCompile>
    <FxCompile Include="HLSL\PixelLightingPS.hlsl">
      <Filter>HLSL</Filter>
    </FxCompile>
    <FxCompile Include="HLSL\PixelLightingVS.hlsl">
      <Filter>HLSL</Filter>
    </FxCompile>
  </ItemGroup>
  <ItemGroup>
    <MeshContentTask Include="Objs\Shpere.obj">
      <Filter>Objs</Filter>
    </MeshContentTask>
    <MeshContentTask Include="Objs\Dice.obj">
      <Filter>Objs</Filter>
    </MeshContentTask>
  </ItemGroup>
</Project>